
Microsoft Visual Studio Solution File, Format Version 12.00
# Visual Studio 15
VisualStudioVersion = 15.0.26430.14
MinimumVisualStudioVersion = 10.0.40219.1
Project("{FAE04EC0-301F-11D3-BF4B-00C04F79EFBC}") = "ExercicioComplementar", "ExercicioComplementar\ExercicioComplementar.csproj", "{8F1AE1EF-800C-4B28-8BCE-775D9A05753E}"
EndProject
Project("{FAE04EC0-301F-11D3-BF4B-00C04F79EFBC}") = "ExeciciosComplemetares", "ExeciciosComplemetares\ExeciciosComplemetares.csproj", "{06950AE7-3657-4774-BE65-65ED2B5CD71D}"
EndProject
Global
	GlobalSection(SolutionConfigurationPlatforms) = preSolution
		Debug|Any CPU = Debug|Any CPU
		Release|Any CPU = Release|Any CPU
	EndGlobalSection
	GlobalSection(ProjectConfigurationPlatforms) = postSolution
		{8F1AE1EF-800C-4B28-8BCE-775D9A05753E}.Debug|Any CPU.ActiveCfg = Debug|Any CPU
		{8F1AE1EF-800C-4B28-8BCE-775D9A05753E}.Debug|Any CPU.Build.0 = Debug|Any CPU
		{8F1AE1EF-800C-4B28-8BCE-775D9A05753E}.Release|Any CPU.ActiveCfg = Release|Any CPU
		{8F1AE1EF-800C-4B28-8BCE-775D9A05753E}.Release|Any CPU.Build.0 = Release|Any CPU
		{06950AE7-3657-4774-BE65-65ED2B5CD71D}.Debug|Any CPU.ActiveCfg = Debug|Any CPU
		{06950AE7-3657-4774-BE65-65ED2B5CD71D}.Debug|Any CPU.Build.0 = Debug|Any CPU
		{06950AE7-3657-4774-BE65-65ED2B5CD71D}.Release|Any CPU.ActiveCfg = Release|Any CPU
		{06950AE7-3657-4774-BE65-65ED2B5CD71D}.Release|Any CPU.Build.0 = Release|Any CPU
	EndGlobalSection
	GlobalSection(SolutionProperties) = preSolution
		HideSolutionNode = FALSE
	EndGlobalSection
EndGlobal
